
Microsoft Visual Studio Solution File, Format Version 12.00
# Visual Studio 14
VisualStudioVersion = 14.0.22823.1
MinimumVisualStudioVersion = 10.0.40219.1
Project("{2150E333-8FDC-42A3-9474-1A3956D46DE8}") = "src", "src", "{732F8612-93E6-44B8-8E75-CBD5895605D8}"
EndProject
Project("{2150E333-8FDC-42A3-9474-1A3956D46DE8}") = "test", "test", "{85C16FCE-E197-4628-ABF2-A3DD2BD74975}"
EndProject
Project("{2150E333-8FDC-42A3-9474-1A3956D46DE8}") = ".config", ".config", "{76CC9734-81B9-48D8-BC94-A8DB5A25CC1E}"
	ProjectSection(SolutionItems) = preProject
		.editorconfig = .editorconfig
		.gitattributes = .gitattributes
		.gitignore = .gitignore
		appveyor.yml = appveyor.yml
		global.json = global.json
		NuGet.config = NuGet.config
		Readme.md = Readme.md
	EndProjectSection
EndProject
Project("{2150E333-8FDC-42A3-9474-1A3956D46DE8}") = "build", "build", "{4D98DF5D-1BAD-4017-85C2-A099A5A4AD02}"
	ProjectSection(SolutionItems) = preProject
		makefile.shade = makefile.shade
	EndProjectSection
EndProject
Project("{2150E333-8FDC-42A3-9474-1A3956D46DE8}") = ".build", ".build", "{53296409-9916-4171-AAB8-812FB5326F87}"
	ProjectSection(SolutionItems) = preProject
		build.cmd = build.cmd
		build.sh = build.sh
	EndProjectSection
EndProject
Project("{8BB2217D-0F2D-49D1-97BC-3654ED321F3B}") = "Blacklite.Framework.DependencyInjection", "src\Blacklite.Framework.DependencyInjection\Blacklite.Framework.DependencyInjection.kproj", "{E321F23D-21D3-4E92-B1C2-F9780504E9B2}"
EndProject
Project("{8BB2217D-0F2D-49D1-97BC-3654ED321F3B}") = "Blacklite.Framework.DependencyInjection.Preprocess", "src\Blacklite.Framework.DependencyInjection.Preprocess\Blacklite.Framework.DependencyInjection.Preprocess.kproj", "{7F9AA318-24C1-4DE3-8A24-8702A89E704A}"
EndProject
Project("{8BB2217D-0F2D-49D1-97BC-3654ED321F3B}") = "DependencyInjection.Compiler.Tests", "test\DependencyInjection.Compiler.Tests\DependencyInjection.Compiler.Tests.xproj", "{35204F0C-1860-43B8-AA09-EA3AC5E35629}"
EndProject
Project("{8BB2217D-0F2D-49D1-97BC-3654ED321F3B}") = "DependencyInjection.Tests", "test\DependencyInjection.Tests\DependencyInjection.Tests.xproj", "{0F9B7478-59DE-45ED-9631-8AD8CC9500CF}"
EndProject
Global
	GlobalSection(SolutionConfigurationPlatforms) = preSolution
		Debug|Any CPU = Debug|Any CPU
		Release|Any CPU = Release|Any CPU
	EndGlobalSection
	GlobalSection(ProjectConfigurationPlatforms) = postSolution
		{E321F23D-21D3-4E92-B1C2-F9780504E9B2}.Debug|Any CPU.ActiveCfg = Debug|Any CPU
		{E321F23D-21D3-4E92-B1C2-F9780504E9B2}.Debug|Any CPU.Build.0 = Debug|Any CPU
		{E321F23D-21D3-4E92-B1C2-F9780504E9B2}.Release|Any CPU.ActiveCfg = Release|Any CPU
		{E321F23D-21D3-4E92-B1C2-F9780504E9B2}.Release|Any CPU.Build.0 = Release|Any CPU
		{7F9AA318-24C1-4DE3-8A24-8702A89E704A}.Debug|Any CPU.ActiveCfg = Debug|Any CPU
		{7F9AA318-24C1-4DE3-8A24-8702A89E704A}.Debug|Any CPU.Build.0 = Debug|Any CPU
		{7F9AA318-24C1-4DE3-8A24-8702A89E704A}.Release|Any CPU.ActiveCfg = Release|Any CPU
		{7F9AA318-24C1-4DE3-8A24-8702A89E704A}.Release|Any CPU.Build.0 = Release|Any CPU
		{35204F0C-1860-43B8-AA09-EA3AC5E35629}.Debug|Any CPU.ActiveCfg = Debug|Any CPU
		{35204F0C-1860-43B8-AA09-EA3AC5E35629}.Debug|Any CPU.Build.0 = Debug|Any CPU
		{35204F0C-1860-43B8-AA09-EA3AC5E35629}.Release|Any CPU.ActiveCfg = Release|Any CPU
		{35204F0C-1860-43B8-AA09-EA3AC5E35629}.Release|Any CPU.Build.0 = Release|Any CPU
		{0F9B7478-59DE-45ED-9631-8AD8CC9500CF}.Debug|Any CPU.ActiveCfg = Debug|Any CPU
		{0F9B7478-59DE-45ED-9631-8AD8CC9500CF}.Debug|Any CPU.Build.0 = Debug|Any CPU
		{0F9B7478-59DE-45ED-9631-8AD8CC9500CF}.Release|Any CPU.ActiveCfg = Release|Any CPU
		{0F9B7478-59DE-45ED-9631-8AD8CC9500CF}.Release|Any CPU.Build.0 = Release|Any CPU
	EndGlobalSection
	GlobalSection(SolutionProperties) = preSolution
		HideSolutionNode = FALSE
	EndGlobalSection
	GlobalSection(NestedProjects) = preSolution
		{E321F23D-21D3-4E92-B1C2-F9780504E9B2} = {732F8612-93E6-44B8-8E75-CBD5895605D8}
		{7F9AA318-24C1-4DE3-8A24-8702A89E704A} = {732F8612-93E6-44B8-8E75-CBD5895605D8}
		{35204F0C-1860-43B8-AA09-EA3AC5E35629} = {85C16FCE-E197-4628-ABF2-A3DD2BD74975}
		{0F9B7478-59DE-45ED-9631-8AD8CC9500CF} = {85C16FCE-E197-4628-ABF2-A3DD2BD74975}
	EndGlobalSection
EndGlobal
